
Microsoft Visual Studio Solution File, Format Version 12.00
# Visual Studio Version 16
VisualStudioVersion = 16.0.30225.117
MinimumVisualStudioVersion = 10.0.40219.1
Project("{8BC9CEB8-8B4A-11D0-8D11-00A0C91BC942}") = "Hook", "Hook.vcxproj", "{CBFBE9E3-1C47-4BA1-8C33-F68CC31BF944}"
EndProject
Global
	GlobalSection(SolutionConfigurationPlatforms) = preSolution
		Debug|x64 = Debug|x64
		Debug|x86 = Debug|x86
		Release|x64 = Release|x64
		Release|x86 = Release|x86
	EndGlobalSection
	GlobalSection(ProjectConfigurationPlatforms) = postSolution
		{CBFBE9E3-1C47-4BA1-8C33-F68CC31BF944}.Debug|x64.ActiveCfg = Debug|x64
		{CBFBE9E3-1C47-4BA1-8C33-F68CC31BF944}.Debug|x64.Build.0 = Debug|x64
		{CBFBE9E3-1C47-4BA1-8C33-F68CC31BF944}.Debug|x86.ActiveCfg = Debug|Win32
		{CBFBE9E3-1C47-4BA1-8C33-F68CC31BF944}.Debug|x86.Build.0 = Debug|Win32
		{CBFBE9E3-1C47-4BA1-8C33-F68CC31BF944}.Release|x64.ActiveCfg = Release|x64
		{CBFBE9E3-1C47-4BA1-8C33-F68CC31BF944}.Release|x64.Build.0 = Release|x64
		{CBFBE9E3-1C47-4BA1-8C33-F68CC31BF944}.Release|x86.ActiveCfg = Release|Win32
		{CBFBE9E3-1C47-4BA1-8C33-F68CC31BF944}.Release|x86.Build.0 = Release|Win32
	EndGlobalSection
	GlobalSection(SolutionProperties) = preSolution
		HideSolutionNode = FALSE
	EndGlobalSection
	GlobalSection(ExtensibilityGlobals) = postSolution
		SolutionGuid = {E03B6C0B-FBC9-41C0-919C-1FFEA3946A47}
	EndGlobalSection
EndGlobal
